
Microsoft Visual Studio Solution File, Format Version 12.00
# Visual Studio 15
VisualStudioVersion = 15.0.28010.2050
MinimumVisualStudioVersion = 10.0.40219.1
Project("{9A19103F-16F7-4668-BE54-9A1E7A4F7556}") = "FunctionApp", "FunctionApp\FunctionApp.csproj", "{53CBE695-54D0-4F58-9F32-7C41ACADF09B}"
EndProject
Project("{FAE04EC0-301F-11D3-BF4B-00C04F79EFBC}") = "TestFunction", "TestFunction\TestFunction.csproj", "{BD2FADCE-72EC-472E-8B6C-FEB74D319A26}"
EndProject
Global
	GlobalSection(SolutionConfigurationPlatforms) = preSolution
		Debug|Any CPU = Debug|Any CPU
		Release|Any CPU = Release|Any CPU
	EndGlobalSection
	GlobalSection(ProjectConfigurationPlatforms) = postSolution
		{53CBE695-54D0-4F58-9F32-7C41ACADF09B}.Debug|Any CPU.ActiveCfg = Debug|Any CPU
		{53CBE695-54D0-4F58-9F32-7C41ACADF09B}.Debug|Any CPU.Build.0 = Debug|Any CPU
		{53CBE695-54D0-4F58-9F32-7C41ACADF09B}.Release|Any CPU.ActiveCfg = Release|Any CPU
		{53CBE695-54D0-4F58-9F32-7C41ACADF09B}.Release|Any CPU.Build.0 = Release|Any CPU
		{BD2FADCE-72EC-472E-8B6C-FEB74D319A26}.Debug|Any CPU.ActiveCfg = Debug|Any CPU
		{BD2FADCE-72EC-472E-8B6C-FEB74D319A26}.Debug|Any CPU.Build.0 = Debug|Any CPU
		{BD2FADCE-72EC-472E-8B6C-FEB74D319A26}.Release|Any CPU.ActiveCfg = Release|Any CPU
		{BD2FADCE-72EC-472E-8B6C-FEB74D319A26}.Release|Any CPU.Build.0 = Release|Any CPU
	EndGlobalSection
	GlobalSection(SolutionProperties) = preSolution
		HideSolutionNode = FALSE
	EndGlobalSection
	GlobalSection(ExtensibilityGlobals) = postSolution
		SolutionGuid = {58F12B60-8739-4616-BF10-72C722FAAD25}
	EndGlobalSection
EndGlobal
