
Microsoft Visual Studio Solution File, Format Version 12.00
# Visual Studio 15
VisualStudioVersion = 15.0.28010.2050
MinimumVisualStudioVersion = 10.0.40219.1
Project("{8BC9CEB8-8B4A-11D0-8D11-00A0C91BC942}") = "Mt3620App", "Mt3620App\Mt3620App.vcxproj", "{CBDBB545-1AE1-4B7B-BAAC-9F9117CC0AA1}"
EndProject
Global
	GlobalSection(SolutionConfigurationPlatforms) = preSolution
		Debug|ARM = Debug|ARM
		Release|ARM = Release|ARM
	EndGlobalSection
	GlobalSection(ProjectConfigurationPlatforms) = postSolution
		{CBDBB545-1AE1-4B7B-BAAC-9F9117CC0AA1}.Debug|ARM.ActiveCfg = Debug|ARM
		{CBDBB545-1AE1-4B7B-BAAC-9F9117CC0AA1}.Debug|ARM.Build.0 = Debug|ARM
		{CBDBB545-1AE1-4B7B-BAAC-9F9117CC0AA1}.Release|ARM.ActiveCfg = Release|ARM
		{CBDBB545-1AE1-4B7B-BAAC-9F9117CC0AA1}.Release|ARM.Build.0 = Release|ARM
	EndGlobalSection
	GlobalSection(SolutionProperties) = preSolution
		HideSolutionNode = FALSE
	EndGlobalSection
	GlobalSection(ExtensibilityGlobals) = postSolution
		SolutionGuid = {B6832C09-D11B-4C8C-BAD9-2D101E1B7847}
	EndGlobalSection
EndGlobal
